
Microsoft Visual Studio Solution File, Format Version 12.00
# Visual Studio Version 17
VisualStudioVersion = 17.2.32630.192
MinimumVisualStudioVersion = 10.0.40219.1
Project("{9A19103F-16F7-4668-BE54-9A1E7A4F7556}") = "LanchesMac", "LanchesMac\LanchesMac.csproj", "{3270C312-7A91-46AC-AE3B-D5345CCC0B3F}"
EndProject
Global
	GlobalSection(SolutionConfigurationPlatforms) = preSolution
		Debug|Any CPU = Debug|Any CPU
		Release|Any CPU = Release|Any CPU
	EndGlobalSection
	GlobalSection(ProjectConfigurationPlatforms) = postSolution
		{3270C312-7A91-46AC-AE3B-D5345CCC0B3F}.Debug|Any CPU.ActiveCfg = Debug|Any CPU
		{3270C312-7A91-46AC-AE3B-D5345CCC0B3F}.Debug|Any CPU.Build.0 = Debug|Any CPU
		{3270C312-7A91-46AC-AE3B-D5345CCC0B3F}.Release|Any CPU.ActiveCfg = Release|Any CPU
		{3270C312-7A91-46AC-AE3B-D5345CCC0B3F}.Release|Any CPU.Build.0 = Release|Any CPU
	EndGlobalSection
	GlobalSection(SolutionProperties) = preSolution
		HideSolutionNode = FALSE
	EndGlobalSection
	GlobalSection(ExtensibilityGlobals) = postSolution
		SolutionGuid = {74C3208D-31ED-4A25-9D2E-99968B5EC3AB}
	EndGlobalSection
EndGlobal
